// !$*UTF8*$!
{
	archiveVersion = 1;
	classes = {
	};
	objectVersion = 46;
	objects = {

/* Begin PBXBuildFile section */
		465CC2BE1EA1D0F300D864E6 /* IngredientsTableViewCell.swift in Sources */ = {isa = PBXBuildFile; fileRef = 465CC2BD1EA1D0F300D864E6 /* IngredientsTableViewCell.swift */; };
		46B5EE261EBEA3E9003DDE31 /* FavoritesTableViewCell.swift in Sources */ = {isa = PBXBuildFile; fileRef = 46B5EE251EBEA3E9003DDE31 /* FavoritesTableViewCell.swift */; };
		46B5EE281EBEA448003DDE31 /* FavoritesTableViewController.swift in Sources */ = {isa = PBXBuildFile; fileRef = 46B5EE271EBEA448003DDE31 /* FavoritesTableViewController.swift */; };
		46B5EE2A1EBEAD41003DDE31 /* favorites.png in Resources */ = {isa = PBXBuildFile; fileRef = 46B5EE291EBEAD41003DDE31 /* favorites.png */; };
		46C5E38E1EA347D000284E80 /* RecipeSearchTableViewController.swift in Sources */ = {isa = PBXBuildFile; fileRef = 46C5E38D1EA347D000284E80 /* RecipeSearchTableViewController.swift */; };
		46C5E3901EA3481D00284E80 /* RecipeSearchTableViewCell.swift in Sources */ = {isa = PBXBuildFile; fileRef = 46C5E38F1EA3481D00284E80 /* RecipeSearchTableViewCell.swift */; };
		46D58E731EADC0C200881ED5 /* forkknife.png in Resources */ = {isa = PBXBuildFile; fileRef = 46D58E701EADC0C200881ED5 /* forkknife.png */; };
		46D58E741EADC0C200881ED5 /* forkspoonknife.png in Resources */ = {isa = PBXBuildFile; fileRef = 46D58E711EADC0C200881ED5 /* forkspoonknife.png */; };
		46D58E751EADC0C200881ED5 /* spoon-fork-knife-heart.png in Resources */ = {isa = PBXBuildFile; fileRef = 46D58E721EADC0C200881ED5 /* spoon-fork-knife-heart.png */; };
		46FE719F1EABF84900604B7C /* plus.png in Resources */ = {isa = PBXBuildFile; fileRef = 46FE71991EABF84900604B7C /* plus.png */; };
		46FE71A01EABF84900604B7C /* search.png in Resources */ = {isa = PBXBuildFile; fileRef = 46FE719A1EABF84900604B7C /* search.png */; };
		46FE71A11EABF84900604B7C /* settings.png in Resources */ = {isa = PBXBuildFile; fileRef = 46FE719B1EABF84900604B7C /* settings.png */; };
		46FE71A21EABF84900604B7C /* shopping_cart.png in Resources */ = {isa = PBXBuildFile; fileRef = 46FE719C1EABF84900604B7C /* shopping_cart.png */; };
		46FE71A31EABF8A400604B7C /* home.png in Resources */ = {isa = PBXBuildFile; fileRef = 46FE71A51EABF8A400604B7C /* home.png */; };
		46FE71A61EABF8AC00604B7C /* person.png in Resources */ = {isa = PBXBuildFile; fileRef = 46FE71A81EABF8AC00604B7C /* person.png */; };
		840226817A7B121687E7DFFB /* Pods_FoHoUITests.framework in Frameworks */ = {isa = PBXBuildFile; fileRef = 2FFAFA5632EDCA02E3BB5A58 /* Pods_FoHoUITests.framework */; };
		891ACA931EAEC6C4007C1D2B /* HomeTableViewController.swift in Sources */ = {isa = PBXBuildFile; fileRef = 891ACA921EAEC6C4007C1D2B /* HomeTableViewController.swift */; };
		891ACA951EAEC6E1007C1D2B /* HomeTableViewCell.swift in Sources */ = {isa = PBXBuildFile; fileRef = 891ACA941EAEC6E1007C1D2B /* HomeTableViewCell.swift */; };
		892174D71EA1A8A2003A9889 /* loading.png in Resources */ = {isa = PBXBuildFile; fileRef = 892174D61EA1A8A2003A9889 /* loading.png */; };
		892174D91EA1AC16003A9889 /* RecipeDataViewController.swift in Sources */ = {isa = PBXBuildFile; fileRef = 892174D81EA1AC16003A9889 /* RecipeDataViewController.swift */; };
		892174DB1EA1AC5B003A9889 /* RecipeWebViewController.swift in Sources */ = {isa = PBXBuildFile; fileRef = 892174DA1EA1AC5B003A9889 /* RecipeWebViewController.swift */; };
		893889211EAAB92200777BE0 /* ShoppingCartTableViewController.swift in Sources */ = {isa = PBXBuildFile; fileRef = 893889201EAAB92200777BE0 /* ShoppingCartTableViewController.swift */; };
		894115561EB98E1700EDBEC9 /* RAMBounceAnimation.swift in Sources */ = {isa = PBXBuildFile; fileRef = 894115551EB98E1700EDBEC9 /* RAMBounceAnimation.swift */; };
		894115581EB9929100EDBEC9 /* SideBarTableViewController.swift in Sources */ = {isa = PBXBuildFile; fileRef = 894115571EB9929100EDBEC9 /* SideBarTableViewController.swift */; };
		8941155A1EB992DF00EDBEC9 /* SideBarTabelViewCell.swift in Sources */ = {isa = PBXBuildFile; fileRef = 894115591EB992DF00EDBEC9 /* SideBarTabelViewCell.swift */; };
		895A067B1E99C29400B3C4D3 /* heart.png in Resources */ = {isa = PBXBuildFile; fileRef = 895A067A1E99C29400B3C4D3 /* heart.png */; };
		8983A9F61E9ED7C700E0B790 /* RecipeSearchModel.swift in Sources */ = {isa = PBXBuildFile; fileRef = 8983A9F51E9ED7C700E0B790 /* RecipeSearchModel.swift */; };
		8983A9F81E9EE09B00E0B790 /* Recipes.swift in Sources */ = {isa = PBXBuildFile; fileRef = 8983A9F71E9EE09B00E0B790 /* Recipes.swift */; };
		8983A9FC1E9EE3EA00E0B790 /* RecipeSearchData.swift in Sources */ = {isa = PBXBuildFile; fileRef = 8983A9FB1E9EE3EA00E0B790 /* RecipeSearchData.swift */; };
		89FDA1EF1E99BBB600043820 /* AppDelegate.swift in Sources */ = {isa = PBXBuildFile; fileRef = 89FDA1EE1E99BBB600043820 /* AppDelegate.swift */; };
		89FDA1F11E99BBB600043820 /* ViewController.swift in Sources */ = {isa = PBXBuildFile; fileRef = 89FDA1F01E99BBB600043820 /* ViewController.swift */; };
		89FDA1F41E99BBB600043820 /* Main.storyboard in Resources */ = {isa = PBXBuildFile; fileRef = 89FDA1F21E99BBB600043820 /* Main.storyboard */; };
		89FDA1F71E99BBB600043820 /* FoHo.xcdatamodeld in Sources */ = {isa = PBXBuildFile; fileRef = 89FDA1F51E99BBB600043820 /* FoHo.xcdatamodeld */; };
		89FDA1F91E99BBB600043820 /* Assets.xcassets in Resources */ = {isa = PBXBuildFile; fileRef = 89FDA1F81E99BBB600043820 /* Assets.xcassets */; };
		89FDA1FC1E99BBB600043820 /* LaunchScreen.storyboard in Resources */ = {isa = PBXBuildFile; fileRef = 89FDA1FA1E99BBB600043820 /* LaunchScreen.storyboard */; };
		89FDA2071E99BBB600043820 /* FoHoTests.swift in Sources */ = {isa = PBXBuildFile; fileRef = 89FDA2061E99BBB600043820 /* FoHoTests.swift */; };
		89FDA2121E99BBB700043820 /* FoHoUITests.swift in Sources */ = {isa = PBXBuildFile; fileRef = 89FDA2111E99BBB700043820 /* FoHoUITests.swift */; };
		A4AF734546F4FE84959FF987 /* Pods_FoHo.framework in Frameworks */ = {isa = PBXBuildFile; fileRef = 4928BD11CA424939A8577260 /* Pods_FoHo.framework */; };
		F756FB8C5C99D98FC5054CD4 /* Pods_FoHoTests.framework in Frameworks */ = {isa = PBXBuildFile; fileRef = 0BBD7E79103B87DADAC0F5A0 /* Pods_FoHoTests.framework */; };
/* End PBXBuildFile section */

/* Begin PBXContainerItemProxy section */
		89FDA2031E99BBB600043820 /* PBXContainerItemProxy */ = {
			isa = PBXContainerItemProxy;
			containerPortal = 89FDA1E31E99BBB600043820 /* Project object */;
			proxyType = 1;
			remoteGlobalIDString = 89FDA1EA1E99BBB600043820;
			remoteInfo = FoHo;
		};
		89FDA20E1E99BBB700043820 /* PBXContainerItemProxy */ = {
			isa = PBXContainerItemProxy;
			containerPortal = 89FDA1E31E99BBB600043820 /* Project object */;
			proxyType = 1;
			remoteGlobalIDString = 89FDA1EA1E99BBB600043820;
			remoteInfo = FoHo;
		};
/* End PBXContainerItemProxy section */

/* Begin PBXCopyFilesBuildPhase section */
		89FDA2301E99BD1E00043820 /* Embed Frameworks */ = {
			isa = PBXCopyFilesBuildPhase;
			buildActionMask = 2147483647;
			dstPath = "";
			dstSubfolderSpec = 10;
			files = (
			);
			name = "Embed Frameworks";
			runOnlyForDeploymentPostprocessing = 0;
		};
/* End PBXCopyFilesBuildPhase section */

/* Begin PBXFileReference section */
		0B2BAF77D99CA6F4FBFC03C7 /* Pods-FoHo.release.xcconfig */ = {isa = PBXFileReference; includeInIndex = 1; lastKnownFileType = text.xcconfig; name = "Pods-FoHo.release.xcconfig"; path = "Pods/Target Support Files/Pods-FoHo/Pods-FoHo.release.xcconfig"; sourceTree = "<group>"; };
		0BBD7E79103B87DADAC0F5A0 /* Pods_FoHoTests.framework */ = {isa = PBXFileReference; explicitFileType = wrapper.framework; includeInIndex = 0; path = Pods_FoHoTests.framework; sourceTree = BUILT_PRODUCTS_DIR; };
		108707AF2074639DCB4337C1 /* Pods-FoHoTests.debug.xcconfig */ = {isa = PBXFileReference; includeInIndex = 1; lastKnownFileType = text.xcconfig; name = "Pods-FoHoTests.debug.xcconfig"; path = "Pods/Target Support Files/Pods-FoHoTests/Pods-FoHoTests.debug.xcconfig"; sourceTree = "<group>"; };
		2FFAFA5632EDCA02E3BB5A58 /* Pods_FoHoUITests.framework */ = {isa = PBXFileReference; explicitFileType = wrapper.framework; includeInIndex = 0; path = Pods_FoHoUITests.framework; sourceTree = BUILT_PRODUCTS_DIR; };
		447BF90B674045B18184C2D0 /* Pods-FoHoTests.release.xcconfig */ = {isa = PBXFileReference; includeInIndex = 1; lastKnownFileType = text.xcconfig; name = "Pods-FoHoTests.release.xcconfig"; path = "Pods/Target Support Files/Pods-FoHoTests/Pods-FoHoTests.release.xcconfig"; sourceTree = "<group>"; };
		465CC2BD1EA1D0F300D864E6 /* IngredientsTableViewCell.swift */ = {isa = PBXFileReference; fileEncoding = 4; lastKnownFileType = sourcecode.swift; path = IngredientsTableViewCell.swift; sourceTree = "<group>"; };
		46B5EE251EBEA3E9003DDE31 /* FavoritesTableViewCell.swift */ = {isa = PBXFileReference; fileEncoding = 4; lastKnownFileType = sourcecode.swift; name = FavoritesTableViewCell.swift; path = FoHo/FavoritesTableViewCell.swift; sourceTree = "<group>"; };
		46B5EE271EBEA448003DDE31 /* FavoritesTableViewController.swift */ = {isa = PBXFileReference; fileEncoding = 4; lastKnownFileType = sourcecode.swift; path = FavoritesTableViewController.swift; sourceTree = "<group>"; };
		46B5EE291EBEAD41003DDE31 /* favorites.png */ = {isa = PBXFileReference; lastKnownFileType = image.png; name = favorites.png; path = ../../favorites.png; sourceTree = "<group>"; };
		46C5E38D1EA347D000284E80 /* RecipeSearchTableViewController.swift */ = {isa = PBXFileReference; fileEncoding = 4; lastKnownFileType = sourcecode.swift; path = RecipeSearchTableViewController.swift; sourceTree = "<group>"; };
		46C5E38F1EA3481D00284E80 /* RecipeSearchTableViewCell.swift */ = {isa = PBXFileReference; fileEncoding = 4; lastKnownFileType = sourcecode.swift; path = RecipeSearchTableViewCell.swift; sourceTree = "<group>"; };
		46D58E701EADC0C200881ED5 /* forkknife.png */ = {isa = PBXFileReference; lastKnownFileType = image.png; path = forkknife.png; sourceTree = SOURCE_ROOT; };
		46D58E711EADC0C200881ED5 /* forkspoonknife.png */ = {isa = PBXFileReference; lastKnownFileType = image.png; path = forkspoonknife.png; sourceTree = SOURCE_ROOT; };
		46D58E721EADC0C200881ED5 /* spoon-fork-knife-heart.png */ = {isa = PBXFileReference; lastKnownFileType = image.png; path = "spoon-fork-knife-heart.png"; sourceTree = SOURCE_ROOT; };
		46FE71991EABF84900604B7C /* plus.png */ = {isa = PBXFileReference; lastKnownFileType = image.png; name = plus.png; path = ../plus.png; sourceTree = "<group>"; };
		46FE719A1EABF84900604B7C /* search.png */ = {isa = PBXFileReference; lastKnownFileType = image.png; name = search.png; path = ../search.png; sourceTree = "<group>"; };
		46FE719B1EABF84900604B7C /* settings.png */ = {isa = PBXFileReference; lastKnownFileType = image.png; name = settings.png; path = ../settings.png; sourceTree = "<group>"; };
		46FE719C1EABF84900604B7C /* shopping_cart.png */ = {isa = PBXFileReference; lastKnownFileType = image.png; name = shopping_cart.png; path = ../shopping_cart.png; sourceTree = "<group>"; };
		46FE71A41EABF8A400604B7C /* en */ = {isa = PBXFileReference; lastKnownFileType = image.png; name = en; path = en.lproj/home.png; sourceTree = "<group>"; };
		46FE71A71EABF8AC00604B7C /* en */ = {isa = PBXFileReference; lastKnownFileType = image.png; name = en; path = en.lproj/person.png; sourceTree = "<group>"; };
		4928BD11CA424939A8577260 /* Pods_FoHo.framework */ = {isa = PBXFileReference; explicitFileType = wrapper.framework; includeInIndex = 0; path = Pods_FoHo.framework; sourceTree = BUILT_PRODUCTS_DIR; };
		7FB91AD463A5EB6C0B0D69EC /* Pods-FoHoUITests.release.xcconfig */ = {isa = PBXFileReference; includeInIndex = 1; lastKnownFileType = text.xcconfig; name = "Pods-FoHoUITests.release.xcconfig"; path = "Pods/Target Support Files/Pods-FoHoUITests/Pods-FoHoUITests.release.xcconfig"; sourceTree = "<group>"; };
		891ACA921EAEC6C4007C1D2B /* HomeTableViewController.swift */ = {isa = PBXFileReference; fileEncoding = 4; lastKnownFileType = sourcecode.swift; path = HomeTableViewController.swift; sourceTree = "<group>"; };
		891ACA941EAEC6E1007C1D2B /* HomeTableViewCell.swift */ = {isa = PBXFileReference; fileEncoding = 4; lastKnownFileType = sourcecode.swift; path = HomeTableViewCell.swift; sourceTree = "<group>"; };
		892174D61EA1A8A2003A9889 /* loading.png */ = {isa = PBXFileReference; lastKnownFileType = image.png; path = loading.png; sourceTree = "<group>"; };
		892174D81EA1AC16003A9889 /* RecipeDataViewController.swift */ = {isa = PBXFileReference; fileEncoding = 4; lastKnownFileType = sourcecode.swift; path = RecipeDataViewController.swift; sourceTree = "<group>"; };
		892174DA1EA1AC5B003A9889 /* RecipeWebViewController.swift */ = {isa = PBXFileReference; fileEncoding = 4; lastKnownFileType = sourcecode.swift; path = RecipeWebViewController.swift; sourceTree = "<group>"; };
		893889201EAAB92200777BE0 /* ShoppingCartTableViewController.swift */ = {isa = PBXFileReference; fileEncoding = 4; lastKnownFileType = sourcecode.swift; path = ShoppingCartTableViewController.swift; sourceTree = "<group>"; };
		894115551EB98E1700EDBEC9 /* RAMBounceAnimation.swift */ = {isa = PBXFileReference; fileEncoding = 4; lastKnownFileType = sourcecode.swift; path = RAMBounceAnimation.swift; sourceTree = "<group>"; };
		894115571EB9929100EDBEC9 /* SideBarTableViewController.swift */ = {isa = PBXFileReference; fileEncoding = 4; lastKnownFileType = sourcecode.swift; path = SideBarTableViewController.swift; sourceTree = "<group>"; };
		894115591EB992DF00EDBEC9 /* SideBarTabelViewCell.swift */ = {isa = PBXFileReference; fileEncoding = 4; lastKnownFileType = sourcecode.swift; path = SideBarTabelViewCell.swift; sourceTree = "<group>"; };
		895A067A1E99C29400B3C4D3 /* heart.png */ = {isa = PBXFileReference; lastKnownFileType = image.png; path = heart.png; sourceTree = SOURCE_ROOT; };
		8983A9F51E9ED7C700E0B790 /* RecipeSearchModel.swift */ = {isa = PBXFileReference; fileEncoding = 4; lastKnownFileType = sourcecode.swift; name = RecipeSearchModel.swift; path = ../RecipeSearchModel.swift; sourceTree = "<group>"; };
		8983A9F71E9EE09B00E0B790 /* Recipes.swift */ = {isa = PBXFileReference; fileEncoding = 4; lastKnownFileType = sourcecode.swift; path = Recipes.swift; sourceTree = "<group>"; };
		8983A9FB1E9EE3EA00E0B790 /* RecipeSearchData.swift */ = {isa = PBXFileReference; fileEncoding = 4; lastKnownFileType = sourcecode.swift; path = RecipeSearchData.swift; sourceTree = "<group>"; };
		89FDA1EB1E99BBB600043820 /* FoHo.app */ = {isa = PBXFileReference; explicitFileType = wrapper.application; includeInIndex = 0; path = FoHo.app; sourceTree = BUILT_PRODUCTS_DIR; };
		89FDA1EE1E99BBB600043820 /* AppDelegate.swift */ = {isa = PBXFileReference; lastKnownFileType = sourcecode.swift; path = AppDelegate.swift; sourceTree = "<group>"; };
		89FDA1F01E99BBB600043820 /* ViewController.swift */ = {isa = PBXFileReference; lastKnownFileType = sourcecode.swift; path = ViewController.swift; sourceTree = "<group>"; };
		89FDA1F31E99BBB600043820 /* Base */ = {isa = PBXFileReference; lastKnownFileType = file.storyboard; name = Base; path = Base.lproj/Main.storyboard; sourceTree = "<group>"; };
		89FDA1F61E99BBB600043820 /* FoHo.xcdatamodel */ = {isa = PBXFileReference; lastKnownFileType = wrapper.xcdatamodel; path = FoHo.xcdatamodel; sourceTree = "<group>"; };
		89FDA1F81E99BBB600043820 /* Assets.xcassets */ = {isa = PBXFileReference; lastKnownFileType = folder.assetcatalog; path = Assets.xcassets; sourceTree = "<group>"; };
		89FDA1FB1E99BBB600043820 /* Base */ = {isa = PBXFileReference; lastKnownFileType = file.storyboard; name = Base; path = Base.lproj/LaunchScreen.storyboard; sourceTree = "<group>"; };
		89FDA1FD1E99BBB600043820 /* Info.plist */ = {isa = PBXFileReference; lastKnownFileType = text.plist.xml; path = Info.plist; sourceTree = "<group>"; };
		89FDA2021E99BBB600043820 /* FoHoTests.xctest */ = {isa = PBXFileReference; explicitFileType = wrapper.cfbundle; includeInIndex = 0; path = FoHoTests.xctest; sourceTree = BUILT_PRODUCTS_DIR; };
		89FDA2061E99BBB600043820 /* FoHoTests.swift */ = {isa = PBXFileReference; lastKnownFileType = sourcecode.swift; path = FoHoTests.swift; sourceTree = "<group>"; };
		89FDA2081E99BBB600043820 /* Info.plist */ = {isa = PBXFileReference; lastKnownFileType = text.plist.xml; path = Info.plist; sourceTree = "<group>"; };
		89FDA20D1E99BBB700043820 /* FoHoUITests.xctest */ = {isa = PBXFileReference; explicitFileType = wrapper.cfbundle; includeInIndex = 0; path = FoHoUITests.xctest; sourceTree = BUILT_PRODUCTS_DIR; };
		89FDA2111E99BBB700043820 /* FoHoUITests.swift */ = {isa = PBXFileReference; lastKnownFileType = sourcecode.swift; path = FoHoUITests.swift; sourceTree = "<group>"; };
		89FDA2131E99BBB700043820 /* Info.plist */ = {isa = PBXFileReference; lastKnownFileType = text.plist.xml; path = Info.plist; sourceTree = "<group>"; };
		BEF9213FFC129B2532CD840B /* Pods-FoHo.debug.xcconfig */ = {isa = PBXFileReference; includeInIndex = 1; lastKnownFileType = text.xcconfig; name = "Pods-FoHo.debug.xcconfig"; path = "Pods/Target Support Files/Pods-FoHo/Pods-FoHo.debug.xcconfig"; sourceTree = "<group>"; };
		CD7C520A61A5B4D969A86DA0 /* Pods-FoHoUITests.debug.xcconfig */ = {isa = PBXFileReference; includeInIndex = 1; lastKnownFileType = text.xcconfig; name = "Pods-FoHoUITests.debug.xcconfig"; path = "Pods/Target Support Files/Pods-FoHoUITests/Pods-FoHoUITests.debug.xcconfig"; sourceTree = "<group>"; };
/* End PBXFileReference section */

/* Begin PBXFrameworksBuildPhase section */
		89FDA1E81E99BBB600043820 /* Frameworks */ = {
			isa = PBXFrameworksBuildPhase;
			buildActionMask = 2147483647;
			files = (
				A4AF734546F4FE84959FF987 /* Pods_FoHo.framework in Frameworks */,
			);
			runOnlyForDeploymentPostprocessing = 0;
		};
		89FDA1FF1E99BBB600043820 /* Frameworks */ = {
			isa = PBXFrameworksBuildPhase;
			buildActionMask = 2147483647;
			files = (
				F756FB8C5C99D98FC5054CD4 /* Pods_FoHoTests.framework in Frameworks */,
			);
			runOnlyForDeploymentPostprocessing = 0;
		};
		89FDA20A1E99BBB700043820 /* Frameworks */ = {
			isa = PBXFrameworksBuildPhase;
			buildActionMask = 2147483647;
			files = (
				840226817A7B121687E7DFFB /* Pods_FoHoUITests.framework in Frameworks */,
			);
			runOnlyForDeploymentPostprocessing = 0;
		};
/* End PBXFrameworksBuildPhase section */

/* Begin PBXGroup section */
		460462AA1EA0393D007707F2 /* Models */ = {
			isa = PBXGroup;
			children = (
				8983A9FB1E9EE3EA00E0B790 /* RecipeSearchData.swift */,
				8983A9F71E9EE09B00E0B790 /* Recipes.swift */,
			);
			name = Models;
			path = ..;
			sourceTree = "<group>";
		};
		4662BD941E99FAAF00899F25 /* RecipeSearch */ = {
			isa = PBXGroup;
			children = (
				8983A9F51E9ED7C700E0B790 /* RecipeSearchModel.swift */,
				46C5E38D1EA347D000284E80 /* RecipeSearchTableViewController.swift */,
				46C5E38F1EA3481D00284E80 /* RecipeSearchTableViewCell.swift */,
				892174D81EA1AC16003A9889 /* RecipeDataViewController.swift */,
				465CC2BD1EA1D0F300D864E6 /* IngredientsTableViewCell.swift */,
				892174DA1EA1AC5B003A9889 /* RecipeWebViewController.swift */,
				894115571EB9929100EDBEC9 /* SideBarTableViewController.swift */,
				894115591EB992DF00EDBEC9 /* SideBarTabelViewCell.swift */,
			);
			name = RecipeSearch;
			sourceTree = "<group>";
		};
		46FE71A91EABFF0C00604B7C /* ShoppingCart */ = {
			isa = PBXGroup;
			children = (
				893889201EAAB92200777BE0 /* ShoppingCartTableViewController.swift */,
			);
			name = ShoppingCart;
			sourceTree = "<group>";
		};
		46FE71AA1EABFF3F00604B7C /* Favorites */ = {
			isa = PBXGroup;
			children = (
				46B5EE251EBEA3E9003DDE31 /* FavoritesTableViewCell.swift */,
				46B5EE271EBEA448003DDE31 /* FavoritesTableViewController.swift */,
			);
			name = Favorites;
			path = ..;
			sourceTree = "<group>";
		};
		46FE71AB1EABFF5200604B7C /* Profile */ = {
			isa = PBXGroup;
			children = (
			);
			name = Profile;
			path = ..;
			sourceTree = "<group>";
		};
		46FE71AC1EABFF8800604B7C /* Pictures */ = {
			isa = PBXGroup;
			children = (
				46B5EE291EBEAD41003DDE31 /* favorites.png */,
				46D58E701EADC0C200881ED5 /* forkknife.png */,
				46D58E711EADC0C200881ED5 /* forkspoonknife.png */,
				46D58E721EADC0C200881ED5 /* spoon-fork-knife-heart.png */,
				892174D61EA1A8A2003A9889 /* loading.png */,
				46FE71A51EABF8A400604B7C /* home.png */,
				46FE71A81EABF8AC00604B7C /* person.png */,
				46FE71991EABF84900604B7C /* plus.png */,
				46FE719A1EABF84900604B7C /* search.png */,
				46FE719B1EABF84900604B7C /* settings.png */,
				46FE719C1EABF84900604B7C /* shopping_cart.png */,
				895A067A1E99C29400B3C4D3 /* heart.png */,
			);
			name = Pictures;
			sourceTree = "<group>";
		};
		89FDA1E21E99BBB600043820 = {
			isa = PBXGroup;
			children = (
				89FDA1ED1E99BBB600043820 /* FoHo */,
				89FDA2051E99BBB600043820 /* FoHoTests */,
				89FDA2101E99BBB700043820 /* FoHoUITests */,
				89FDA1EC1E99BBB600043820 /* Products */,
				8CD6C24C256528531FD4A1F8 /* Pods */,
				BC932564D9D35C349D0D875C /* Frameworks */,
			);
			sourceTree = "<group>";
		};
		89FDA1EC1E99BBB600043820 /* Products */ = {
			isa = PBXGroup;
			children = (
				89FDA1EB1E99BBB600043820 /* FoHo.app */,
				89FDA2021E99BBB600043820 /* FoHoTests.xctest */,
				89FDA20D1E99BBB700043820 /* FoHoUITests.xctest */,
			);
			name = Products;
			sourceTree = "<group>";
		};
		89FDA1ED1E99BBB600043820 /* FoHo */ = {
			isa = PBXGroup;
			children = (
				891ACA921EAEC6C4007C1D2B /* HomeTableViewController.swift */,
				891ACA941EAEC6E1007C1D2B /* HomeTableViewCell.swift */,
				46FE71AB1EABFF5200604B7C /* Profile */,
				46FE71AA1EABFF3F00604B7C /* Favorites */,
				46FE71A91EABFF0C00604B7C /* ShoppingCart */,
				89FDA1EE1E99BBB600043820 /* AppDelegate.swift */,
				89FDA1F01E99BBB600043820 /* ViewController.swift */,
				4662BD941E99FAAF00899F25 /* RecipeSearch */,
				460462AA1EA0393D007707F2 /* Models */,
				89FDA1F21E99BBB600043820 /* Main.storyboard */,
				894115551EB98E1700EDBEC9 /* RAMBounceAnimation.swift */,
				89FDA1FA1E99BBB600043820 /* LaunchScreen.storyboard */,
				46FE71AC1EABFF8800604B7C /* Pictures */,
				89FDA1F81E99BBB600043820 /* Assets.xcassets */,
				89FDA1FD1E99BBB600043820 /* Info.plist */,
				89FDA1F51E99BBB600043820 /* FoHo.xcdatamodeld */,
			);
			path = FoHo;
			sourceTree = "<group>";
		};
		89FDA2051E99BBB600043820 /* FoHoTests */ = {
			isa = PBXGroup;
			children = (
				89FDA2061E99BBB600043820 /* FoHoTests.swift */,
				89FDA2081E99BBB600043820 /* Info.plist */,
			);
			path = FoHoTests;
			sourceTree = "<group>";
		};
		89FDA2101E99BBB700043820 /* FoHoUITests */ = {
			isa = PBXGroup;
			children = (
				89FDA2111E99BBB700043820 /* FoHoUITests.swift */,
				89FDA2131E99BBB700043820 /* Info.plist */,
			);
			path = FoHoUITests;
			sourceTree = "<group>";
		};
		8CD6C24C256528531FD4A1F8 /* Pods */ = {
			isa = PBXGroup;
			children = (
				BEF9213FFC129B2532CD840B /* Pods-FoHo.debug.xcconfig */,
				0B2BAF77D99CA6F4FBFC03C7 /* Pods-FoHo.release.xcconfig */,
				108707AF2074639DCB4337C1 /* Pods-FoHoTests.debug.xcconfig */,
				447BF90B674045B18184C2D0 /* Pods-FoHoTests.release.xcconfig */,
				CD7C520A61A5B4D969A86DA0 /* Pods-FoHoUITests.debug.xcconfig */,
				7FB91AD463A5EB6C0B0D69EC /* Pods-FoHoUITests.release.xcconfig */,
			);
			name = Pods;
			sourceTree = "<group>";
		};
		BC932564D9D35C349D0D875C /* Frameworks */ = {
			isa = PBXGroup;
			children = (
				4928BD11CA424939A8577260 /* Pods_FoHo.framework */,
				0BBD7E79103B87DADAC0F5A0 /* Pods_FoHoTests.framework */,
				2FFAFA5632EDCA02E3BB5A58 /* Pods_FoHoUITests.framework */,
			);
			name = Frameworks;
			sourceTree = "<group>";
		};
/* End PBXGroup section */

/* Begin PBXNativeTarget section */
		89FDA1EA1E99BBB600043820 /* FoHo */ = {
			isa = PBXNativeTarget;
			buildConfigurationList = 89FDA2161E99BBB700043820 /* Build configuration list for PBXNativeTarget "FoHo" */;
			buildPhases = (
				92B6621C194488687EDE0D82 /* [CP] Check Pods Manifest.lock */,
				89FDA1E71E99BBB600043820 /* Sources */,
				89FDA1E81E99BBB600043820 /* Frameworks */,
				89FDA1E91E99BBB600043820 /* Resources */,
				89FDA2301E99BD1E00043820 /* Embed Frameworks */,
				21DC8603C04D7B1E177153FB /* [CP] Embed Pods Frameworks */,
				87C210FCFBCE4924C351C113 /* [CP] Copy Pods Resources */,
			);
			buildRules = (
			);
			dependencies = (
			);
			name = FoHo;
			productName = FoHo;
			productReference = 89FDA1EB1E99BBB600043820 /* FoHo.app */;
			productType = "com.apple.product-type.application";
		};
		89FDA2011E99BBB600043820 /* FoHoTests */ = {
			isa = PBXNativeTarget;
			buildConfigurationList = 89FDA2191E99BBB700043820 /* Build configuration list for PBXNativeTarget "FoHoTests" */;
			buildPhases = (
				0069A1584B3DC732B559993C /* [CP] Check Pods Manifest.lock */,
				89FDA1FE1E99BBB600043820 /* Sources */,
				89FDA1FF1E99BBB600043820 /* Frameworks */,
				89FDA2001E99BBB600043820 /* Resources */,
				8CFB0C1F66BA79D538C05765 /* [CP] Embed Pods Frameworks */,
				5B22DC44C5B5707DF2C7BA0F /* [CP] Copy Pods Resources */,
			);
			buildRules = (
			);
			dependencies = (
				89FDA2041E99BBB600043820 /* PBXTargetDependency */,
			);
			name = FoHoTests;
			productName = FoHoTests;
			productReference = 89FDA2021E99BBB600043820 /* FoHoTests.xctest */;
			productType = "com.apple.product-type.bundle.unit-test";
		};
		89FDA20C1E99BBB700043820 /* FoHoUITests */ = {
			isa = PBXNativeTarget;
			buildConfigurationList = 89FDA21C1E99BBB700043820 /* Build configuration list for PBXNativeTarget "FoHoUITests" */;
			buildPhases = (
				D8B8465B8F79903368B1640D /* [CP] Check Pods Manifest.lock */,
				89FDA2091E99BBB700043820 /* Sources */,
				89FDA20A1E99BBB700043820 /* Frameworks */,
				89FDA20B1E99BBB700043820 /* Resources */,
				92CF6FA924A3E2DD23190ABD /* [CP] Embed Pods Frameworks */,
				19F323F923C785E1D0985296 /* [CP] Copy Pods Resources */,
			);
			buildRules = (
			);
			dependencies = (
				89FDA20F1E99BBB700043820 /* PBXTargetDependency */,
			);
			name = FoHoUITests;
			productName = FoHoUITests;
			productReference = 89FDA20D1E99BBB700043820 /* FoHoUITests.xctest */;
			productType = "com.apple.product-type.bundle.ui-testing";
		};
/* End PBXNativeTarget section */

/* Begin PBXProject section */
		89FDA1E31E99BBB600043820 /* Project object */ = {
			isa = PBXProject;
			attributes = {
				LastSwiftUpdateCheck = 0830;
				LastUpgradeCheck = 0830;
				ORGANIZATIONNAME = FohoDuo;
				TargetAttributes = {
					89FDA1EA1E99BBB600043820 = {
						CreatedOnToolsVersion = 8.3.1;
						ProvisioningStyle = Automatic;
					};
					89FDA2011E99BBB600043820 = {
						CreatedOnToolsVersion = 8.3.1;
						ProvisioningStyle = Automatic;
						TestTargetID = 89FDA1EA1E99BBB600043820;
					};
					89FDA20C1E99BBB700043820 = {
						CreatedOnToolsVersion = 8.3.1;
						ProvisioningStyle = Automatic;
						TestTargetID = 89FDA1EA1E99BBB600043820;
					};
				};
			};
			buildConfigurationList = 89FDA1E61E99BBB600043820 /* Build configuration list for PBXProject "FoHo" */;
			compatibilityVersion = "Xcode 3.2";
			developmentRegion = English;
			hasScannedForEncodings = 0;
			knownRegions = (
				en,
				Base,
			);
			mainGroup = 89FDA1E21E99BBB600043820;
			productRefGroup = 89FDA1EC1E99BBB600043820 /* Products */;
			projectDirPath = "";
			projectRoot = "";
			targets = (
				89FDA1EA1E99BBB600043820 /* FoHo */,
				89FDA2011E99BBB600043820 /* FoHoTests */,
				89FDA20C1E99BBB700043820 /* FoHoUITests */,
			);
		};
/* End PBXProject section */

/* Begin PBXResourcesBuildPhase section */
		89FDA1E91E99BBB600043820 /* Resources */ = {
			isa = PBXResourcesBuildPhase;
			buildActionMask = 2147483647;
			files = (
				892174D71EA1A8A2003A9889 /* loading.png in Resources */,
				46FE71A21EABF84900604B7C /* shopping_cart.png in Resources */,
				46FE71A01EABF84900604B7C /* search.png in Resources */,
				46D58E741EADC0C200881ED5 /* forkspoonknife.png in Resources */,
				895A067B1E99C29400B3C4D3 /* heart.png in Resources */,
				46FE71A31EABF8A400604B7C /* home.png in Resources */,
				89FDA1FC1E99BBB600043820 /* LaunchScreen.storyboard in Resources */,
				46B5EE2A1EBEAD41003DDE31 /* favorites.png in Resources */,
				89FDA1F91E99BBB600043820 /* Assets.xcassets in Resources */,
				46D58E731EADC0C200881ED5 /* forkknife.png in Resources */,
				46FE71A11EABF84900604B7C /* settings.png in Resources */,
				46D58E751EADC0C200881ED5 /* spoon-fork-knife-heart.png in Resources */,
				89FDA1F41E99BBB600043820 /* Main.storyboard in Resources */,
				46FE71A61EABF8AC00604B7C /* person.png in Resources */,
				46FE719F1EABF84900604B7C /* plus.png in Resources */,
			);
			runOnlyForDeploymentPostprocessing = 0;
		};
		89FDA2001E99BBB600043820 /* Resources */ = {
			isa = PBXResourcesBuildPhase;
			buildActionMask = 2147483647;
			files = (
			);
			runOnlyForDeploymentPostprocessing = 0;
		};
		89FDA20B1E99BBB700043820 /* Resources */ = {
			isa = PBXResourcesBuildPhase;
			buildActionMask = 2147483647;
			files = (
			);
			runOnlyForDeploymentPostprocessing = 0;
		};
/* End PBXResourcesBuildPhase section */

/* Begin PBXShellScriptBuildPhase section */
		0069A1584B3DC732B559993C /* [CP] Check Pods Manifest.lock */ = {
			isa = PBXShellScriptBuildPhase;
			buildActionMask = 2147483647;
			files = (
			);
			inputPaths = (
			);
			name = "[CP] Check Pods Manifest.lock";
			outputPaths = (
			);
			runOnlyForDeploymentPostprocessing = 0;
			shellPath = /bin/sh;
			shellScript = "diff \"${PODS_ROOT}/../Podfile.lock\" \"${PODS_ROOT}/Manifest.lock\" > /dev/null\nif [ $? != 0 ] ; then\n    # print error to STDERR\n    echo \"error: The sandbox is not in sync with the Podfile.lock. Run 'pod install' or update your CocoaPods installation.\" >&2\n    exit 1\nfi\n";
			showEnvVarsInLog = 0;
		};
		19F323F923C785E1D0985296 /* [CP] Copy Pods Resources */ = {
			isa = PBXShellScriptBuildPhase;
			buildActionMask = 2147483647;
			files = (
			);
			inputPaths = (
			);
			name = "[CP] Copy Pods Resources";
			outputPaths = (
			);
			runOnlyForDeploymentPostprocessing = 0;
			shellPath = /bin/sh;
			shellScript = "\"${SRCROOT}/Pods/Target Support Files/Pods-FoHoUITests/Pods-FoHoUITests-resources.sh\"\n";
			showEnvVarsInLog = 0;
		};
		21DC8603C04D7B1E177153FB /* [CP] Embed Pods Frameworks */ = {
			isa = PBXShellScriptBuildPhase;
			buildActionMask = 2147483647;
			files = (
			);
			inputPaths = (
			);
			name = "[CP] Embed Pods Frameworks";
			outputPaths = (
			);
			runOnlyForDeploymentPostprocessing = 0;
			shellPath = /bin/sh;
			shellScript = "\"${SRCROOT}/Pods/Target Support Files/Pods-FoHo/Pods-FoHo-frameworks.sh\"\n";
			showEnvVarsInLog = 0;
		};
		5B22DC44C5B5707DF2C7BA0F /* [CP] Copy Pods Resources */ = {
			isa = PBXShellScriptBuildPhase;
			buildActionMask = 2147483647;
			files = (
			);
			inputPaths = (
			);
			name = "[CP] Copy Pods Resources";
			outputPaths = (
			);
			runOnlyForDeploymentPostprocessing = 0;
			shellPath = /bin/sh;
			shellScript = "\"${SRCROOT}/Pods/Target Support Files/Pods-FoHoTests/Pods-FoHoTests-resources.sh\"\n";
			showEnvVarsInLog = 0;
		};
		87C210FCFBCE4924C351C113 /* [CP] Copy Pods Resources */ = {
			isa = PBXShellScriptBuildPhase;
			buildActionMask = 2147483647;
			files = (
			);
			inputPaths = (
			);
			name = "[CP] Copy Pods Resources";
			outputPaths = (
			);
			runOnlyForDeploymentPostprocessing = 0;
			shellPath = /bin/sh;
			shellScript = "\"${SRCROOT}/Pods/Target Support Files/Pods-FoHo/Pods-FoHo-resources.sh\"\n";
			showEnvVarsInLog = 0;
		};
		8CFB0C1F66BA79D538C05765 /* [CP] Embed Pods Frameworks */ = {
			isa = PBXShellScriptBuildPhase;
			buildActionMask = 2147483647;
			files = (
			);
			inputPaths = (
			);
			name = "[CP] Embed Pods Frameworks";
			outputPaths = (
			);
			runOnlyForDeploymentPostprocessing = 0;
			shellPath = /bin/sh;
			shellScript = "\"${SRCROOT}/Pods/Target Support Files/Pods-FoHoTests/Pods-FoHoTests-frameworks.sh\"\n";
			showEnvVarsInLog = 0;
		};
		92B6621C194488687EDE0D82 /* [CP] Check Pods Manifest.lock */ = {
			isa = PBXShellScriptBuildPhase;
			buildActionMask = 2147483647;
			files = (
			);
			inputPaths = (
			);
			name = "[CP] Check Pods Manifest.lock";
			outputPaths = (
			);
			runOnlyForDeploymentPostprocessing = 0;
			shellPath = /bin/sh;
			shellScript = "diff \"${PODS_ROOT}/../Podfile.lock\" \"${PODS_ROOT}/Manifest.lock\" > /dev/null\nif [ $? != 0 ] ; then\n    # print error to STDERR\n    echo \"error: The sandbox is not in sync with the Podfile.lock. Run 'pod install' or update your CocoaPods installation.\" >&2\n    exit 1\nfi\n";
			showEnvVarsInLog = 0;
		};
		92CF6FA924A3E2DD23190ABD /* [CP] Embed Pods Frameworks */ = {
			isa = PBXShellScriptBuildPhase;
			buildActionMask = 2147483647;
			files = (
			);
			inputPaths = (
			);
			name = "[CP] Embed Pods Frameworks";
			outputPaths = (
			);
			runOnlyForDeploymentPostprocessing = 0;
			shellPath = /bin/sh;
			shellScript = "\"${SRCROOT}/Pods/Target Support Files/Pods-FoHoUITests/Pods-FoHoUITests-frameworks.sh\"\n";
			showEnvVarsInLog = 0;
		};
		D8B8465B8F79903368B1640D /* [CP] Check Pods Manifest.lock */ = {
			isa = PBXShellScriptBuildPhase;
			buildActionMask = 2147483647;
			files = (
			);
			inputPaths = (
			);
			name = "[CP] Check Pods Manifest.lock";
			outputPaths = (
			);
			runOnlyForDeploymentPostprocessing = 0;
			shellPath = /bin/sh;
			shellScript = "diff \"${PODS_ROOT}/../Podfile.lock\" \"${PODS_ROOT}/Manifest.lock\" > /dev/null\nif [ $? != 0 ] ; then\n    # print error to STDERR\n    echo \"error: The sandbox is not in sync with the Podfile.lock. Run 'pod install' or update your CocoaPods installation.\" >&2\n    exit 1\nfi\n";
			showEnvVarsInLog = 0;
		};
/* End PBXShellScriptBuildPhase section */

/* Begin PBXSourcesBuildPhase section */
		89FDA1E71E99BBB600043820 /* Sources */ = {
			isa = PBXSourcesBuildPhase;
			buildActionMask = 2147483647;
			files = (
				89FDA1F11E99BBB600043820 /* ViewController.swift in Sources */,
				46B5EE261EBEA3E9003DDE31 /* FavoritesTableViewCell.swift in Sources */,
				893889211EAAB92200777BE0 /* ShoppingCartTableViewController.swift in Sources */,
				8941155A1EB992DF00EDBEC9 /* SideBarTabelViewCell.swift in Sources */,
				892174D91EA1AC16003A9889 /* RecipeDataViewController.swift in Sources */,
				8983A9FC1E9EE3EA00E0B790 /* RecipeSearchData.swift in Sources */,
				8983A9F61E9ED7C700E0B790 /* RecipeSearchModel.swift in Sources */,
				46C5E3901EA3481D00284E80 /* RecipeSearchTableViewCell.swift in Sources */,
				892174DB1EA1AC5B003A9889 /* RecipeWebViewController.swift in Sources */,
				8983A9F81E9EE09B00E0B790 /* Recipes.swift in Sources */,
				894115581EB9929100EDBEC9 /* SideBarTableViewController.swift in Sources */,
				891ACA931EAEC6C4007C1D2B /* HomeTableViewController.swift in Sources */,
				89FDA1EF1E99BBB600043820 /* AppDelegate.swift in Sources */,
				89FDA1F71E99BBB600043820 /* FoHo.xcdatamodeld in Sources */,
				46C5E38E1EA347D000284E80 /* RecipeSearchTableViewController.swift in Sources */,
				894115561EB98E1700EDBEC9 /* RAMBounceAnimation.swift in Sources */,
				891ACA951EAEC6E1007C1D2B /* HomeTableViewCell.swift in Sources */,
				465CC2BE1EA1D0F300D864E6 /* IngredientsTableViewCell.swift in Sources */,
				46B5EE281EBEA448003DDE31 /* FavoritesTableViewController.swift in Sources */,
			);
			runOnlyForDeploymentPostprocessing = 0;
		};
		89FDA1FE1E99BBB600043820 /* Sources */ = {
			isa = PBXSourcesBuildPhase;
			buildActionMask = 2147483647;
			files = (
				89FDA2071E99BBB600043820 /* FoHoTests.swift in Sources */,
			);
			runOnlyForDeploymentPostprocessing = 0;
		};
		89FDA2091E99BBB700043820 /* Sources */ = {
			isa = PBXSourcesBuildPhase;
			buildActionMask = 2147483647;
			files = (
				89FDA2121E99BBB700043820 /* FoHoUITests.swift in Sources */,
			);
			runOnlyForDeploymentPostprocessing = 0;
		};
/* End PBXSourcesBuildPhase section */

/* Begin PBXTargetDependency section */
		89FDA2041E99BBB600043820 /* PBXTargetDependency */ = {
			isa = PBXTargetDependency;
			target = 89FDA1EA1E99BBB600043820 /* FoHo */;
			targetProxy = 89FDA2031E99BBB600043820 /* PBXContainerItemProxy */;
		};
		89FDA20F1E99BBB700043820 /* PBXTargetDependency */ = {
			isa = PBXTargetDependency;
			target = 89FDA1EA1E99BBB600043820 /* FoHo */;
			targetProxy = 89FDA20E1E99BBB700043820 /* PBXContainerItemProxy */;
		};
/* End PBXTargetDependency section */

/* Begin PBXVariantGroup section */
		46FE71A51EABF8A400604B7C /* home.png */ = {
			isa = PBXVariantGroup;
			children = (
				46FE71A41EABF8A400604B7C /* en */,
			);
			name = home.png;
			path = ..;
			sourceTree = "<group>";
		};
		46FE71A81EABF8AC00604B7C /* person.png */ = {
			isa = PBXVariantGroup;
			children = (
				46FE71A71EABF8AC00604B7C /* en */,
			);
			name = person.png;
			path = ..;
			sourceTree = "<group>";
		};
		89FDA1F21E99BBB600043820 /* Main.storyboard */ = {
			isa = PBXVariantGroup;
			children = (
				89FDA1F31E99BBB600043820 /* Base */,
			);
			name = Main.storyboard;
			sourceTree = "<group>";
		};
		89FDA1FA1E99BBB600043820 /* LaunchScreen.storyboard */ = {
			isa = PBXVariantGroup;
			children = (
				89FDA1FB1E99BBB600043820 /* Base */,
			);
			name = LaunchScreen.storyboard;
			sourceTree = "<group>";
		};
/* End PBXVariantGroup section */

/* Begin XCBuildConfiguration section */
		89FDA2141E99BBB700043820 /* Debug */ = {
			isa = XCBuildConfiguration;
			buildSettings = {
				ALWAYS_SEARCH_USER_PATHS = NO;
				CLANG_ANALYZER_NONNULL = YES;
				CLANG_ANALYZER_NUMBER_OBJECT_CONVERSION = YES_AGGRESSIVE;
				CLANG_CXX_LANGUAGE_STANDARD = "gnu++0x";
				CLANG_CXX_LIBRARY = "libc++";
				CLANG_ENABLE_MODULES = YES;
				CLANG_ENABLE_OBJC_ARC = YES;
				CLANG_WARN_BOOL_CONVERSION = YES;
				CLANG_WARN_CONSTANT_CONVERSION = YES;
				CLANG_WARN_DIRECT_OBJC_ISA_USAGE = YES_ERROR;
				CLANG_WARN_DOCUMENTATION_COMMENTS = YES;
				CLANG_WARN_EMPTY_BODY = YES;
				CLANG_WARN_ENUM_CONVERSION = YES;
				CLANG_WARN_INFINITE_RECURSION = YES;
				CLANG_WARN_INT_CONVERSION = YES;
				CLANG_WARN_OBJC_ROOT_CLASS = YES_ERROR;
				CLANG_WARN_SUSPICIOUS_MOVE = YES;
				CLANG_WARN_UNREACHABLE_CODE = YES;
				CLANG_WARN__DUPLICATE_METHOD_MATCH = YES;
				"CODE_SIGN_IDENTITY[sdk=iphoneos*]" = "iPhone Developer";
				COPY_PHASE_STRIP = NO;
				DEBUG_INFORMATION_FORMAT = dwarf;
				ENABLE_STRICT_OBJC_MSGSEND = YES;
				ENABLE_TESTABILITY = YES;
				GCC_C_LANGUAGE_STANDARD = gnu99;
				GCC_DYNAMIC_NO_PIC = NO;
				GCC_NO_COMMON_BLOCKS = YES;
				GCC_OPTIMIZATION_LEVEL = 0;
				GCC_PREPROCESSOR_DEFINITIONS = (
					"DEBUG=1",
					"$(inherited)",
				);
				GCC_WARN_64_TO_32_BIT_CONVERSION = YES;
				GCC_WARN_ABOUT_RETURN_TYPE = YES_ERROR;
				GCC_WARN_UNDECLARED_SELECTOR = YES;
				GCC_WARN_UNINITIALIZED_AUTOS = YES_AGGRESSIVE;
				GCC_WARN_UNUSED_FUNCTION = YES;
				GCC_WARN_UNUSED_VARIABLE = YES;
				IPHONEOS_DEPLOYMENT_TARGET = 10.3;
				MTL_ENABLE_DEBUG_INFO = YES;
				ONLY_ACTIVE_ARCH = YES;
				SDKROOT = iphoneos;
				SWIFT_ACTIVE_COMPILATION_CONDITIONS = DEBUG;
				SWIFT_OPTIMIZATION_LEVEL = "-Onone";
				TARGETED_DEVICE_FAMILY = "1,2";
			};
			name = Debug;
		};
		89FDA2151E99BBB700043820 /* Release */ = {
			isa = XCBuildConfiguration;
			buildSettings = {
				ALWAYS_SEARCH_USER_PATHS = NO;
				CLANG_ANALYZER_NONNULL = YES;
				CLANG_ANALYZER_NUMBER_OBJECT_CONVERSION = YES_AGGRESSIVE;
				CLANG_CXX_LANGUAGE_STANDARD = "gnu++0x";
				CLANG_CXX_LIBRARY = "libc++";
				CLANG_ENABLE_MODULES = YES;
				CLANG_ENABLE_OBJC_ARC = YES;
				CLANG_WARN_BOOL_CONVERSION = YES;
				CLANG_WARN_CONSTANT_CONVERSION = YES;
				CLANG_WARN_DIRECT_OBJC_ISA_USAGE = YES_ERROR;
				CLANG_WARN_DOCUMENTATION_COMMENTS = YES;
				CLANG_WARN_EMPTY_BODY = YES;
				CLANG_WARN_ENUM_CONVERSION = YES;
				CLANG_WARN_INFINITE_RECURSION = YES;
				CLANG_WARN_INT_CONVERSION = YES;
				CLANG_WARN_OBJC_ROOT_CLASS = YES_ERROR;
				CLANG_WARN_SUSPICIOUS_MOVE = YES;
				CLANG_WARN_UNREACHABLE_CODE = YES;
				CLANG_WARN__DUPLICATE_METHOD_MATCH = YES;
				"CODE_SIGN_IDENTITY[sdk=iphoneos*]" = "iPhone Developer";
				COPY_PHASE_STRIP = NO;
				DEBUG_INFORMATION_FORMAT = "dwarf-with-dsym";
				ENABLE_NS_ASSERTIONS = NO;
				ENABLE_STRICT_OBJC_MSGSEND = YES;
				GCC_C_LANGUAGE_STANDARD = gnu99;
				GCC_NO_COMMON_BLOCKS = YES;
				GCC_WARN_64_TO_32_BIT_CONVERSION = YES;
				GCC_WARN_ABOUT_RETURN_TYPE = YES_ERROR;
				GCC_WARN_UNDECLARED_SELECTOR = YES;
				GCC_WARN_UNINITIALIZED_AUTOS = YES_AGGRESSIVE;
				GCC_WARN_UNUSED_FUNCTION = YES;
				GCC_WARN_UNUSED_VARIABLE = YES;
				IPHONEOS_DEPLOYMENT_TARGET = 10.3;
				MTL_ENABLE_DEBUG_INFO = NO;
				SDKROOT = iphoneos;
				SWIFT_OPTIMIZATION_LEVEL = "-Owholemodule";
				TARGETED_DEVICE_FAMILY = "1,2";
				VALIDATE_PRODUCT = YES;
			};
			name = Release;
		};
		89FDA2171E99BBB700043820 /* Debug */ = {
			isa = XCBuildConfiguration;
			baseConfigurationReference = BEF9213FFC129B2532CD840B /* Pods-FoHo.debug.xcconfig */;
			buildSettings = {
				ALWAYS_EMBED_SWIFT_STANDARD_LIBRARIES = YES;
				ASSETCATALOG_COMPILER_APPICON_NAME = AppIcon;
				INFOPLIST_FILE = FoHo/Info.plist;
				LD_RUNPATH_SEARCH_PATHS = "$(inherited) @executable_path/Frameworks";
				PRODUCT_BUNDLE_IDENTIFIER = FohoDuo.FoHo;
				PRODUCT_NAME = "$(TARGET_NAME)";
				"SWIFT_OBJC_BRIDGING_HEADER[arch=*]" = MyBridgingHeader.h;
				SWIFT_VERSION = 3.0;
			};
			name = Debug;
		};
		89FDA2181E99BBB700043820 /* Release */ = {
			isa = XCBuildConfiguration;
			baseConfigurationReference = 0B2BAF77D99CA6F4FBFC03C7 /* Pods-FoHo.release.xcconfig */;
			buildSettings = {
				ALWAYS_EMBED_SWIFT_STANDARD_LIBRARIES = YES;
				ASSETCATALOG_COMPILER_APPICON_NAME = AppIcon;
				INFOPLIST_FILE = FoHo/Info.plist;
				LD_RUNPATH_SEARCH_PATHS = "$(inherited) @executable_path/Frameworks";
				PRODUCT_BUNDLE_IDENTIFIER = FohoDuo.FoHo;
				PRODUCT_NAME = "$(TARGET_NAME)";
				"SWIFT_OBJC_BRIDGING_HEADER[arch=*]" = MyBridgingHeader.h;
				SWIFT_VERSION = 3.0;
			};
			name = Release;
		};
		89FDA21A1E99BBB700043820 /* Debug */ = {
			isa = XCBuildConfiguration;
			baseConfigurationReference = 108707AF2074639DCB4337C1 /* Pods-FoHoTests.debug.xcconfig */;
			buildSettings = {
				ALWAYS_EMBED_SWIFT_STANDARD_LIBRARIES = YES;
				BUNDLE_LOADER = "$(TEST_HOST)";
				INFOPLIST_FILE = FoHoTests/Info.plist;
				LD_RUNPATH_SEARCH_PATHS = "$(inherited) @executable_path/Frameworks @loader_path/Frameworks";
				PRODUCT_BUNDLE_IDENTIFIER = FohoDuo.FoHoTests;
				PRODUCT_NAME = "$(TARGET_NAME)";
				SWIFT_VERSION = 3.0;
				TEST_HOST = "$(BUILT_PRODUCTS_DIR)/FoHo.app/FoHo";
			};
			name = Debug;
		};
		89FDA21B1E99BBB700043820 /* Release */ = {
			isa = XCBuildConfiguration;
			baseConfigurationReference = 447BF90B674045B18184C2D0 /* Pods-FoHoTests.release.xcconfig */;
			buildSettings = {
				ALWAYS_EMBED_SWIFT_STANDARD_LIBRARIES = YES;
				BUNDLE_LOADER = "$(TEST_HOST)";
				INFOPLIST_FILE = FoHoTests/Info.plist;
				LD_RUNPATH_SEARCH_PATHS = "$(inherited) @executable_path/Frameworks @loader_path/Frameworks";
				PRODUCT_BUNDLE_IDENTIFIER = FohoDuo.FoHoTests;
				PRODUCT_NAME = "$(TARGET_NAME)";
				SWIFT_VERSION = 3.0;
				TEST_HOST = "$(BUILT_PRODUCTS_DIR)/FoHo.app/FoHo";
			};
			name = Release;
		};
		89FDA21D1E99BBB700043820 /* Debug */ = {
			isa = XCBuildConfiguration;
			baseConfigurationReference = CD7C520A61A5B4D969A86DA0 /* Pods-FoHoUITests.debug.xcconfig */;
			buildSettings = {
				ALWAYS_EMBED_SWIFT_STANDARD_LIBRARIES = YES;
				INFOPLIST_FILE = FoHoUITests/Info.plist;
				LD_RUNPATH_SEARCH_PATHS = "$(inherited) @executable_path/Frameworks @loader_path/Frameworks";
				PRODUCT_BUNDLE_IDENTIFIER = FohoDuo.FoHoUITests;
				PRODUCT_NAME = "$(TARGET_NAME)";
				SWIFT_VERSION = 3.0;
				TEST_TARGET_NAME = FoHo;
			};
			name = Debug;
		};
		89FDA21E1E99BBB700043820 /* Release */ = {
			isa = XCBuildConfiguration;
			baseConfigurationReference = 7FB91AD463A5EB6C0B0D69EC /* Pods-FoHoUITests.release.xcconfig */;
			buildSettings = {
				ALWAYS_EMBED_SWIFT_STANDARD_LIBRARIES = YES;
				INFOPLIST_FILE = FoHoUITests/Info.plist;
				LD_RUNPATH_SEARCH_PATHS = "$(inherited) @executable_path/Frameworks @loader_path/Frameworks";
				PRODUCT_BUNDLE_IDENTIFIER = FohoDuo.FoHoUITests;
				PRODUCT_NAME = "$(TARGET_NAME)";
				SWIFT_VERSION = 3.0;
				TEST_TARGET_NAME = FoHo;
			};
			name = Release;
		};
/* End XCBuildConfiguration section */

/* Begin XCConfigurationList section */
		89FDA1E61E99BBB600043820 /* Build configuration list for PBXProject "FoHo" */ = {
			isa = XCConfigurationList;
			buildConfigurations = (
				89FDA2141E99BBB700043820 /* Debug */,
				89FDA2151E99BBB700043820 /* Release */,
			);
			defaultConfigurationIsVisible = 0;
			defaultConfigurationName = Release;
		};
		89FDA2161E99BBB700043820 /* Build configuration list for PBXNativeTarget "FoHo" */ = {
			isa = XCConfigurationList;
			buildConfigurations = (
				89FDA2171E99BBB700043820 /* Debug */,
				89FDA2181E99BBB700043820 /* Release */,
			);
			defaultConfigurationIsVisible = 0;
			defaultConfigurationName = Release;
		};
		89FDA2191E99BBB700043820 /* Build configuration list for PBXNativeTarget "FoHoTests" */ = {
			isa = XCConfigurationList;
			buildConfigurations = (
				89FDA21A1E99BBB700043820 /* Debug */,
				89FDA21B1E99BBB700043820 /* Release */,
			);
			defaultConfigurationIsVisible = 0;
			defaultConfigurationName = Release;
		};
		89FDA21C1E99BBB700043820 /* Build configuration list for PBXNativeTarget "FoHoUITests" */ = {
			isa = XCConfigurationList;
			buildConfigurations = (
				89FDA21D1E99BBB700043820 /* Debug */,
				89FDA21E1E99BBB700043820 /* Release */,
			);
			defaultConfigurationIsVisible = 0;
			defaultConfigurationName = Release;
		};
/* End XCConfigurationList section */

/* Begin XCVersionGroup section */
		89FDA1F51E99BBB600043820 /* FoHo.xcdatamodeld */ = {
			isa = XCVersionGroup;
			children = (
				89FDA1F61E99BBB600043820 /* FoHo.xcdatamodel */,
			);
			currentVersion = 89FDA1F61E99BBB600043820 /* FoHo.xcdatamodel */;
			path = FoHo.xcdatamodeld;
			sourceTree = "<group>";
			versionGroupType = wrapper.xcdatamodel;
		};
/* End XCVersionGroup section */
	};
	rootObject = 89FDA1E31E99BBB600043820 /* Project object */;
}
