PODS:
  - Alamofire (4.4.0)
  - FaveButton (2.0.3)

DEPENDENCIES:
  - Alamofire (~> 4.4)
  - FaveButton (~> 2.0.3)

SPEC CHECKSUMS:
  Alamofire: dc44b1600b800eb63da6a19039a0083d62a6a62d
  FaveButton: cfcbc5e73da159c4f916613da5687357b5bb4783

PODFILE CHECKSUM: e295e0d0581d8f8f8658efe28132c7398bfada92

COCOAPODS: 1.2.0
